// !$*UTF8*$!
{
	archiveVersion = 1;
	classes = {
	};
	objectVersion = 46;
	objects = {

/* Begin PBXBuildFile section */
		3AB35CD4CE6A29A77FFEA551 /* libPods-文明嘉兴-网络编程（数据请求-类库）.a in Frameworks */ = {isa = PBXBuildFile; fileRef = CAC84CA8F41ADBD03670E90C /* libPods-文明嘉兴-网络编程（数据请求-类库）.a */; };
		C7141F2A1D07BE8E0093A69F /* News.m in Sources */ = {isa = PBXBuildFile; fileRef = C7141F291D07BE8E0093A69F /* News.m */; };
		C71C5E301D0CE3A200841E12 /* BannerNews.m in Sources */ = {isa = PBXBuildFile; fileRef = C71C5E2F1D0CE3A200841E12 /* BannerNews.m */; };
		C72479A41D1BE1A600EC77CD /* GetAnnouncement.m in Sources */ = {isa = PBXBuildFile; fileRef = C72479A31D1BE1A600EC77CD /* GetAnnouncement.m */; };
		C742A0791D1A1D9100958B8F /* NewsSort.m in Sources */ = {isa = PBXBuildFile; fileRef = C742A0781D1A1D9100958B8F /* NewsSort.m */; };
		C742A07D1D1A754C00958B8F /* DetailViewController.m in Sources */ = {isa = PBXBuildFile; fileRef = C742A07C1D1A754C00958B8F /* DetailViewController.m */; };
		C742A0811D1AAAFC00958B8F /* ThemeTableViewCell.m in Sources */ = {isa = PBXBuildFile; fileRef = C742A07F1D1AAAFC00958B8F /* ThemeTableViewCell.m */; };
		C742A0821D1AAAFC00958B8F /* ThemeTableViewCell.xib in Resources */ = {isa = PBXBuildFile; fileRef = C742A0801D1AAAFC00958B8F /* ThemeTableViewCell.xib */; };
		C745AF721D1B722700195E50 /* GetPsas.m in Sources */ = {isa = PBXBuildFile; fileRef = C745AF711D1B722700195E50 /* GetPsas.m */; };
		C745AF751D1B8B6D00195E50 /* TinyViewController.m in Sources */ = {isa = PBXBuildFile; fileRef = C745AF741D1B8B6D00195E50 /* TinyViewController.m */; };
		C76D2F491D11427800637F58 /* NewViewController.m in Sources */ = {isa = PBXBuildFile; fileRef = C76D2F481D11427800637F58 /* NewViewController.m */; };
		C76D2F4C1D1142FE00637F58 /* PublicViewController.m in Sources */ = {isa = PBXBuildFile; fileRef = C76D2F4B1D1142FE00637F58 /* PublicViewController.m */; };
		C76D2F4F1D11433200637F58 /* CivilizationViewController.m in Sources */ = {isa = PBXBuildFile; fileRef = C76D2F4E1D11433200637F58 /* CivilizationViewController.m */; };
		C7AF4B091D026FB0007E0467 /* main.m in Sources */ = {isa = PBXBuildFile; fileRef = C7AF4B081D026FB0007E0467 /* main.m */; };
		C7AF4B0C1D026FB0007E0467 /* AppDelegate.m in Sources */ = {isa = PBXBuildFile; fileRef = C7AF4B0B1D026FB0007E0467 /* AppDelegate.m */; };
		C7AF4B0F1D026FB0007E0467 /* OneController.m in Sources */ = {isa = PBXBuildFile; fileRef = C7AF4B0E1D026FB0007E0467 /* OneController.m */; };
		C7AF4B121D026FB0007E0467 /* Main.storyboard in Resources */ = {isa = PBXBuildFile; fileRef = C7AF4B101D026FB0007E0467 /* Main.storyboard */; };
		C7AF4B151D026FB0007E0467 /* __________________.xcdatamodeld in Sources */ = {isa = PBXBuildFile; fileRef = C7AF4B131D026FB0007E0467 /* __________________.xcdatamodeld */; };
		C7AF4B171D026FB0007E0467 /* Assets.xcassets in Resources */ = {isa = PBXBuildFile; fileRef = C7AF4B161D026FB0007E0467 /* Assets.xcassets */; };
		C7AF4B1A1D026FB0007E0467 /* LaunchScreen.storyboard in Resources */ = {isa = PBXBuildFile; fileRef = C7AF4B181D026FB0007E0467 /* LaunchScreen.storyboard */; };
		C7AF4B251D026FB0007E0467 /* __________________Tests.m in Sources */ = {isa = PBXBuildFile; fileRef = C7AF4B241D026FB0007E0467 /* __________________Tests.m */; };
		C7AF4B301D026FB0007E0467 /* __________________UITests.m in Sources */ = {isa = PBXBuildFile; fileRef = C7AF4B2F1D026FB0007E0467 /* __________________UITests.m */; };
		C7AF4B721D027125007E0467 /* TableViewCell.m in Sources */ = {isa = PBXBuildFile; fileRef = C7AF4B701D027125007E0467 /* TableViewCell.m */; };
		C7AF4B731D027125007E0467 /* TableViewCell.xib in Resources */ = {isa = PBXBuildFile; fileRef = C7AF4B711D027125007E0467 /* TableViewCell.xib */; };
		C7BA0E641D1D561A00E6859A /* PassViewController.m in Sources */ = {isa = PBXBuildFile; fileRef = C7BA0E631D1D561A00E6859A /* PassViewController.m */; };
		C7BF0E4E1D1BBE5000D5DF12 /* NotificationViewController.m in Sources */ = {isa = PBXBuildFile; fileRef = C7BF0E3F1D1BBE5000D5DF12 /* NotificationViewController.m */; };
		C7BF0E4F1D1BBE5000D5DF12 /* QRcodeViewController.m in Sources */ = {isa = PBXBuildFile; fileRef = C7BF0E421D1BBE5000D5DF12 /* QRcodeViewController.m */; };
		C7BF0E501D1BBE5000D5DF12 /* NotificationTableViewCell.m in Sources */ = {isa = PBXBuildFile; fileRef = C7BF0E441D1BBE5000D5DF12 /* NotificationTableViewCell.m */; };
		C7BF0E511D1BBE5000D5DF12 /* NotificationTableViewCell.xib in Resources */ = {isa = PBXBuildFile; fileRef = C7BF0E451D1BBE5000D5DF12 /* NotificationTableViewCell.xib */; };
		C7BF0E521D1BBE5000D5DF12 /* FriendshipViewController.m in Sources */ = {isa = PBXBuildFile; fileRef = C7BF0E471D1BBE5000D5DF12 /* FriendshipViewController.m */; };
		C7BF0E531D1BBE5000D5DF12 /* FriendshipCollectionViewCell.m in Sources */ = {isa = PBXBuildFile; fileRef = C7BF0E491D1BBE5000D5DF12 /* FriendshipCollectionViewCell.m */; };
		C7BF0E541D1BBE5000D5DF12 /* FriendshipCollectionViewCell.xib in Resources */ = {isa = PBXBuildFile; fileRef = C7BF0E4A1D1BBE5000D5DF12 /* FriendshipCollectionViewCell.xib */; };
		C7BF0E551D1BBE5000D5DF12 /* ShareViewController.m in Sources */ = {isa = PBXBuildFile; fileRef = C7BF0E4C1D1BBE5000D5DF12 /* ShareViewController.m */; };
		C7D972CF1D1CE019002EA507 /* QQConnection.framework in Frameworks */ = {isa = PBXBuildFile; fileRef = C7D972A51D1CE019002EA507 /* QQConnection.framework */; };
		C7D972D01D1CE019002EA507 /* QZoneConnection.framework in Frameworks */ = {isa = PBXBuildFile; fileRef = C7D972A61D1CE019002EA507 /* QZoneConnection.framework */; };
		C7D972D11D1CE019002EA507 /* SinaWeiboConnection.framework in Frameworks */ = {isa = PBXBuildFile; fileRef = C7D972A71D1CE019002EA507 /* SinaWeiboConnection.framework */; };
		C7D972D21D1CE019002EA507 /* TencentWeiboConnection.framework in Frameworks */ = {isa = PBXBuildFile; fileRef = C7D972A81D1CE019002EA507 /* TencentWeiboConnection.framework */; };
		C7D972D31D1CE019002EA507 /* WeChatConnection.framework in Frameworks */ = {isa = PBXBuildFile; fileRef = C7D972A91D1CE019002EA507 /* WeChatConnection.framework */; };
		C7D972D41D1CE019002EA507 /* AGCommon.framework in Frameworks */ = {isa = PBXBuildFile; fileRef = C7D972AB1D1CE019002EA507 /* AGCommon.framework */; };
		C7D972D51D1CE019002EA507 /* ShareSDKLocalizable.strings in Resources */ = {isa = PBXBuildFile; fileRef = C7D972AC1D1CE019002EA507 /* ShareSDKLocalizable.strings */; };
		C7D972D61D1CE019002EA507 /* MOBFoundation.framework in Frameworks */ = {isa = PBXBuildFile; fileRef = C7D972AE1D1CE019002EA507 /* MOBFoundation.framework */; };
		C7D972D71D1CE019002EA507 /* Resource.bundle in Resources */ = {isa = PBXBuildFile; fileRef = C7D972AF1D1CE019002EA507 /* Resource.bundle */; };
		C7D972D81D1CE019002EA507 /* ShareSDKCoreService.framework in Frameworks */ = {isa = PBXBuildFile; fileRef = C7D972B01D1CE019002EA507 /* ShareSDKCoreService.framework */; };
		C7D972D91D1CE019002EA507 /* TencentOpenAPI.framework in Frameworks */ = {isa = PBXBuildFile; fileRef = C7D972B41D1CE019002EA507 /* TencentOpenAPI.framework */; };
		C7D972DA1D1CE019002EA507 /* TencentOpenApi_IOS_Bundle.bundle in Resources */ = {isa = PBXBuildFile; fileRef = C7D972B51D1CE019002EA507 /* TencentOpenApi_IOS_Bundle.bundle */; };
		C7D972DB1D1CE019002EA507 /* libWeiboSDK.a in Frameworks */ = {isa = PBXBuildFile; fileRef = C7D972B71D1CE019002EA507 /* libWeiboSDK.a */; };
		C7D972DC1D1CE019002EA507 /* WeiboSDK.bundle in Resources */ = {isa = PBXBuildFile; fileRef = C7D972C11D1CE019002EA507 /* WeiboSDK.bundle */; };
		C7D972DD1D1CE019002EA507 /* libWeChatSDK.a in Frameworks */ = {isa = PBXBuildFile; fileRef = C7D972C51D1CE019002EA507 /* libWeChatSDK.a */; };
		C7D972DE1D1CE019002EA507 /* read_me.txt in Resources */ = {isa = PBXBuildFile; fileRef = C7D972C61D1CE019002EA507 /* read_me.txt */; };
		C7D972DF1D1CE019002EA507 /* ShareSDK.framework in Frameworks */ = {isa = PBXBuildFile; fileRef = C7D972CA1D1CE019002EA507 /* ShareSDK.framework */; };
		C7D972E01D1CE019002EA507 /* ShareSDKFlatShareViewUI.bundle in Resources */ = {isa = PBXBuildFile; fileRef = C7D972CC1D1CE019002EA507 /* ShareSDKFlatShareViewUI.bundle */; };
		C7D972E11D1CE019002EA507 /* ShareSDKFlatShareViewUI.framework in Frameworks */ = {isa = PBXBuildFile; fileRef = C7D972CD1D1CE019002EA507 /* ShareSDKFlatShareViewUI.framework */; };
		C7D972E21D1CE019002EA507 /* ShareSDKShareActionSheet.framework in Frameworks */ = {isa = PBXBuildFile; fileRef = C7D972CE1D1CE019002EA507 /* ShareSDKShareActionSheet.framework */; };
		C7D972E41D1CE0F2002EA507 /* MessageUI.framework in Frameworks */ = {isa = PBXBuildFile; fileRef = C7D972E31D1CE0F2002EA507 /* MessageUI.framework */; };
		C7D972E61D1CE11E002EA507 /* Security.framework in Frameworks */ = {isa = PBXBuildFile; fileRef = C7D972E51D1CE11E002EA507 /* Security.framework */; };
		C7D972E81D1CE143002EA507 /* CoreTelephony.framework in Frameworks */ = {isa = PBXBuildFile; fileRef = C7D972E71D1CE143002EA507 /* CoreTelephony.framework */; };
		C7D972EA1D1CE158002EA507 /* QuartzCore.framework in Frameworks */ = {isa = PBXBuildFile; fileRef = C7D972E91D1CE158002EA507 /* QuartzCore.framework */; };
		C7D972EC1D1CE172002EA507 /* SystemConfiguration.framework in Frameworks */ = {isa = PBXBuildFile; fileRef = C7D972EB1D1CE172002EA507 /* SystemConfiguration.framework */; };
		C7D972EE1D1CE1A1002EA507 /* Foundation.framework in Frameworks */ = {isa = PBXBuildFile; fileRef = C7D972ED1D1CE1A1002EA507 /* Foundation.framework */; };
		C7D972F01D1CE1B3002EA507 /* CoreGraphics.framework in Frameworks */ = {isa = PBXBuildFile; fileRef = C7D972EF1D1CE1B2002EA507 /* CoreGraphics.framework */; };
		C7D972F21D1CE4C7002EA507 /* libicucore.tbd in Frameworks */ = {isa = PBXBuildFile; fileRef = C7D972F11D1CE4C6002EA507 /* libicucore.tbd */; };
		C7D972F41D1CE4DA002EA507 /* libz.1.2.5.tbd in Frameworks */ = {isa = PBXBuildFile; fileRef = C7D972F31D1CE4DA002EA507 /* libz.1.2.5.tbd */; };
		C7D972F61D1CE502002EA507 /* JavaScriptCore.framework in Frameworks */ = {isa = PBXBuildFile; fileRef = C7D972F51D1CE502002EA507 /* JavaScriptCore.framework */; };
		C7D972F81D1CE51C002EA507 /* libstdc++.tbd in Frameworks */ = {isa = PBXBuildFile; fileRef = C7D972F71D1CE51C002EA507 /* libstdc++.tbd */; };
		C7D972FA1D1CE53E002EA507 /* CoreText.framework in Frameworks */ = {isa = PBXBuildFile; fileRef = C7D972F91D1CE53E002EA507 /* CoreText.framework */; };
		C7D972FC1D1CE55F002EA507 /* ImageIO.framework in Frameworks */ = {isa = PBXBuildFile; fileRef = C7D972FB1D1CE55F002EA507 /* ImageIO.framework */; };
		C7D972FE1D1CE56A002EA507 /* AdSupport.framework in Frameworks */ = {isa = PBXBuildFile; fileRef = C7D972FD1D1CE56A002EA507 /* AdSupport.framework */; };
		C7D973001D1CE582002EA507 /* libsqlite3.tbd in Frameworks */ = {isa = PBXBuildFile; fileRef = C7D972FF1D1CE582002EA507 /* libsqlite3.tbd */; };
/* End PBXBuildFile section */

/* Begin PBXContainerItemProxy section */
		C7AF4B211D026FB0007E0467 /* PBXContainerItemProxy */ = {
			isa = PBXContainerItemProxy;
			containerPortal = C7AF4AFC1D026FB0007E0467 /* Project object */;
			proxyType = 1;
			remoteGlobalIDString = C7AF4B031D026FB0007E0467;
			remoteInfo = "文明嘉兴-网络编程（数据请求-类库）";
		};
		C7AF4B2C1D026FB0007E0467 /* PBXContainerItemProxy */ = {
			isa = PBXContainerItemProxy;
			containerPortal = C7AF4AFC1D026FB0007E0467 /* Project object */;
			proxyType = 1;
			remoteGlobalIDString = C7AF4B031D026FB0007E0467;
			remoteInfo = "文明嘉兴-网络编程（数据请求-类库）";
		};
/* End PBXContainerItemProxy section */

/* Begin PBXFileReference section */
		BDBA92291A12DC1D8A4A4C6E /* Pods-文明嘉兴-网络编程（数据请求-类库）.release.xcconfig */ = {isa = PBXFileReference; includeInIndex = 1; lastKnownFileType = text.xcconfig; name = "Pods-文明嘉兴-网络编程（数据请求-类库）.release.xcconfig"; path = "Pods/Target Support Files/Pods-文明嘉兴-网络编程（数据请求-类库）/Pods-文明嘉兴-网络编程（数据请求-类库）.release.xcconfig"; sourceTree = "<group>"; };
		C7141F281D07BE8E0093A69F /* News.h */ = {isa = PBXFileReference; fileEncoding = 4; lastKnownFileType = sourcecode.c.h; path = News.h; sourceTree = "<group>"; };
		C7141F291D07BE8E0093A69F /* News.m */ = {isa = PBXFileReference; fileEncoding = 4; lastKnownFileType = sourcecode.c.objc; path = News.m; sourceTree = "<group>"; };
		C71C5E2E1D0CE3A200841E12 /* BannerNews.h */ = {isa = PBXFileReference; fileEncoding = 4; lastKnownFileType = sourcecode.c.h; path = BannerNews.h; sourceTree = "<group>"; };
		C71C5E2F1D0CE3A200841E12 /* BannerNews.m */ = {isa = PBXFileReference; fileEncoding = 4; lastKnownFileType = sourcecode.c.objc; path = BannerNews.m; sourceTree = "<group>"; };
		C72479A21D1BE1A600EC77CD /* GetAnnouncement.h */ = {isa = PBXFileReference; fileEncoding = 4; lastKnownFileType = sourcecode.c.h; path = GetAnnouncement.h; sourceTree = "<group>"; };
		C72479A31D1BE1A600EC77CD /* GetAnnouncement.m */ = {isa = PBXFileReference; fileEncoding = 4; lastKnownFileType = sourcecode.c.objc; path = GetAnnouncement.m; sourceTree = "<group>"; };
		C742A0771D1A1D9100958B8F /* NewsSort.h */ = {isa = PBXFileReference; fileEncoding = 4; lastKnownFileType = sourcecode.c.h; path = NewsSort.h; sourceTree = "<group>"; };
		C742A0781D1A1D9100958B8F /* NewsSort.m */ = {isa = PBXFileReference; fileEncoding = 4; lastKnownFileType = sourcecode.c.objc; path = NewsSort.m; sourceTree = "<group>"; };
		C742A07B1D1A754C00958B8F /* DetailViewController.h */ = {isa = PBXFileReference; fileEncoding = 4; lastKnownFileType = sourcecode.c.h; path = DetailViewController.h; sourceTree = "<group>"; };
		C742A07C1D1A754C00958B8F /* DetailViewController.m */ = {isa = PBXFileReference; fileEncoding = 4; lastKnownFileType = sourcecode.c.objc; path = DetailViewController.m; sourceTree = "<group>"; };
		C742A07E1D1AAAFC00958B8F /* ThemeTableViewCell.h */ = {isa = PBXFileReference; fileEncoding = 4; lastKnownFileType = sourcecode.c.h; path = ThemeTableViewCell.h; sourceTree = "<group>"; };
		C742A07F1D1AAAFC00958B8F /* ThemeTableViewCell.m */ = {isa = PBXFileReference; fileEncoding = 4; lastKnownFileType = sourcecode.c.objc; path = ThemeTableViewCell.m; sourceTree = "<group>"; };
		C742A0801D1AAAFC00958B8F /* ThemeTableViewCell.xib */ = {isa = PBXFileReference; fileEncoding = 4; lastKnownFileType = file.xib; path = ThemeTableViewCell.xib; sourceTree = "<group>"; };
		C745AF701D1B722700195E50 /* GetPsas.h */ = {isa = PBXFileReference; fileEncoding = 4; lastKnownFileType = sourcecode.c.h; path = GetPsas.h; sourceTree = "<group>"; };
		C745AF711D1B722700195E50 /* GetPsas.m */ = {isa = PBXFileReference; fileEncoding = 4; lastKnownFileType = sourcecode.c.objc; path = GetPsas.m; sourceTree = "<group>"; };
		C745AF731D1B8B6D00195E50 /* TinyViewController.h */ = {isa = PBXFileReference; fileEncoding = 4; lastKnownFileType = sourcecode.c.h; path = TinyViewController.h; sourceTree = "<group>"; };
		C745AF741D1B8B6D00195E50 /* TinyViewController.m */ = {isa = PBXFileReference; fileEncoding = 4; lastKnownFileType = sourcecode.c.objc; path = TinyViewController.m; sourceTree = "<group>"; };
		C766E60E1D055B63004679AD /* PrefixHeader.pch */ = {isa = PBXFileReference; lastKnownFileType = sourcecode.c.h; path = PrefixHeader.pch; sourceTree = "<group>"; };
		C76D2F471D11427800637F58 /* NewViewController.h */ = {isa = PBXFileReference; fileEncoding = 4; lastKnownFileType = sourcecode.c.h; path = NewViewController.h; sourceTree = "<group>"; };
		C76D2F481D11427800637F58 /* NewViewController.m */ = {isa = PBXFileReference; fileEncoding = 4; lastKnownFileType = sourcecode.c.objc; path = NewViewController.m; sourceTree = "<group>"; };
		C76D2F4A1D1142FE00637F58 /* PublicViewController.h */ = {isa = PBXFileReference; fileEncoding = 4; lastKnownFileType = sourcecode.c.h; path = PublicViewController.h; sourceTree = "<group>"; };
		C76D2F4B1D1142FE00637F58 /* PublicViewController.m */ = {isa = PBXFileReference; fileEncoding = 4; lastKnownFileType = sourcecode.c.objc; path = PublicViewController.m; sourceTree = "<group>"; };
		C76D2F4D1D11433200637F58 /* CivilizationViewController.h */ = {isa = PBXFileReference; fileEncoding = 4; lastKnownFileType = sourcecode.c.h; path = CivilizationViewController.h; sourceTree = "<group>"; };
		C76D2F4E1D11433200637F58 /* CivilizationViewController.m */ = {isa = PBXFileReference; fileEncoding = 4; lastKnownFileType = sourcecode.c.objc; path = CivilizationViewController.m; sourceTree = "<group>"; };
		C7AF4B041D026FB0007E0467 /* 文明嘉兴-网络编程（数据请求-类库）.app */ = {isa = PBXFileReference; explicitFileType = wrapper.application; includeInIndex = 0; path = "文明嘉兴-网络编程（数据请求-类库）.app"; sourceTree = BUILT_PRODUCTS_DIR; };
		C7AF4B081D026FB0007E0467 /* main.m */ = {isa = PBXFileReference; lastKnownFileType = sourcecode.c.objc; path = main.m; sourceTree = "<group>"; };
		C7AF4B0A1D026FB0007E0467 /* AppDelegate.h */ = {isa = PBXFileReference; lastKnownFileType = sourcecode.c.h; path = AppDelegate.h; sourceTree = "<group>"; };
		C7AF4B0B1D026FB0007E0467 /* AppDelegate.m */ = {isa = PBXFileReference; lastKnownFileType = sourcecode.c.objc; path = AppDelegate.m; sourceTree = "<group>"; };
		C7AF4B0D1D026FB0007E0467 /* OneController.h */ = {isa = PBXFileReference; lastKnownFileType = sourcecode.c.h; path = OneController.h; sourceTree = "<group>"; };
		C7AF4B0E1D026FB0007E0467 /* OneController.m */ = {isa = PBXFileReference; lastKnownFileType = sourcecode.c.objc; path = OneController.m; sourceTree = "<group>"; };
		C7AF4B111D026FB0007E0467 /* Base */ = {isa = PBXFileReference; lastKnownFileType = file.storyboard; name = Base; path = Base.lproj/Main.storyboard; sourceTree = "<group>"; };
		C7AF4B141D026FB0007E0467 /* __________________.xcdatamodel */ = {isa = PBXFileReference; lastKnownFileType = wrapper.xcdatamodel; path = "__________________.xcdatamodel"; sourceTree = "<group>"; };
		C7AF4B161D026FB0007E0467 /* Assets.xcassets */ = {isa = PBXFileReference; lastKnownFileType = folder.assetcatalog; path = Assets.xcassets; sourceTree = "<group>"; };
		C7AF4B191D026FB0007E0467 /* Base */ = {isa = PBXFileReference; lastKnownFileType = file.storyboard; name = Base; path = Base.lproj/LaunchScreen.storyboard; sourceTree = "<group>"; };
		C7AF4B1B1D026FB0007E0467 /* Info.plist */ = {isa = PBXFileReference; lastKnownFileType = text.plist.xml; path = Info.plist; sourceTree = "<group>"; };
		C7AF4B201D026FB0007E0467 /* 文明嘉兴-网络编程（数据请求-类库）Tests.xctest */ = {isa = PBXFileReference; explicitFileType = wrapper.cfbundle; includeInIndex = 0; path = "文明嘉兴-网络编程（数据请求-类库）Tests.xctest"; sourceTree = BUILT_PRODUCTS_DIR; };
		C7AF4B241D026FB0007E0467 /* __________________Tests.m */ = {isa = PBXFileReference; lastKnownFileType = sourcecode.c.objc; path = "__________________Tests.m"; sourceTree = "<group>"; };
		C7AF4B261D026FB0007E0467 /* Info.plist */ = {isa = PBXFileReference; lastKnownFileType = text.plist.xml; path = Info.plist; sourceTree = "<group>"; };
		C7AF4B2B1D026FB0007E0467 /* 文明嘉兴-网络编程（数据请求-类库）UITests.xctest */ = {isa = PBXFileReference; explicitFileType = wrapper.cfbundle; includeInIndex = 0; path = "文明嘉兴-网络编程（数据请求-类库）UITests.xctest"; sourceTree = BUILT_PRODUCTS_DIR; };
		C7AF4B2F1D026FB0007E0467 /* __________________UITests.m */ = {isa = PBXFileReference; lastKnownFileType = sourcecode.c.objc; path = "__________________UITests.m"; sourceTree = "<group>"; };
		C7AF4B311D026FB0007E0467 /* Info.plist */ = {isa = PBXFileReference; lastKnownFileType = text.plist.xml; path = Info.plist; sourceTree = "<group>"; };
		C7AF4B6F1D027125007E0467 /* TableViewCell.h */ = {isa = PBXFileReference; fileEncoding = 4; lastKnownFileType = sourcecode.c.h; path = TableViewCell.h; sourceTree = "<group>"; };
		C7AF4B701D027125007E0467 /* TableViewCell.m */ = {isa = PBXFileReference; fileEncoding = 4; lastKnownFileType = sourcecode.c.objc; path = TableViewCell.m; sourceTree = "<group>"; };
		C7AF4B711D027125007E0467 /* TableViewCell.xib */ = {isa = PBXFileReference; fileEncoding = 4; lastKnownFileType = file.xib; path = TableViewCell.xib; sourceTree = "<group>"; };
		C7BA0E621D1D561A00E6859A /* PassViewController.h */ = {isa = PBXFileReference; fileEncoding = 4; lastKnownFileType = sourcecode.c.h; path = PassViewController.h; sourceTree = "<group>"; };
		C7BA0E631D1D561A00E6859A /* PassViewController.m */ = {isa = PBXFileReference; fileEncoding = 4; lastKnownFileType = sourcecode.c.objc; path = PassViewController.m; sourceTree = "<group>"; };
		C7BF0E3F1D1BBE5000D5DF12 /* NotificationViewController.m */ = {isa = PBXFileReference; fileEncoding = 4; lastKnownFileType = sourcecode.c.objc; path = NotificationViewController.m; sourceTree = "<group>"; };
		C7BF0E401D1BBE5000D5DF12 /* NotificationTableViewCell.h */ = {isa = PBXFileReference; fileEncoding = 4; lastKnownFileType = sourcecode.c.h; path = NotificationTableViewCell.h; sourceTree = "<group>"; };
		C7BF0E411D1BBE5000D5DF12 /* QRcodeViewController.h */ = {isa = PBXFileReference; fileEncoding = 4; lastKnownFileType = sourcecode.c.h; path = QRcodeViewController.h; sourceTree = "<group>"; };
		C7BF0E421D1BBE5000D5DF12 /* QRcodeViewController.m */ = {isa = PBXFileReference; fileEncoding = 4; lastKnownFileType = sourcecode.c.objc; path = QRcodeViewController.m; sourceTree = "<group>"; };
		C7BF0E431D1BBE5000D5DF12 /* NotificationViewController.h */ = {isa = PBXFileReference; fileEncoding = 4; lastKnownFileType = sourcecode.c.h; path = NotificationViewController.h; sourceTree = "<group>"; };
		C7BF0E441D1BBE5000D5DF12 /* NotificationTableViewCell.m */ = {isa = PBXFileReference; fileEncoding = 4; lastKnownFileType = sourcecode.c.objc; path = NotificationTableViewCell.m; sourceTree = "<group>"; };
		C7BF0E451D1BBE5000D5DF12 /* NotificationTableViewCell.xib */ = {isa = PBXFileReference; fileEncoding = 4; lastKnownFileType = file.xib; path = NotificationTableViewCell.xib; sourceTree = "<group>"; };
		C7BF0E461D1BBE5000D5DF12 /* FriendshipViewController.h */ = {isa = PBXFileReference; fileEncoding = 4; lastKnownFileType = sourcecode.c.h; path = FriendshipViewController.h; sourceTree = "<group>"; };
		C7BF0E471D1BBE5000D5DF12 /* FriendshipViewController.m */ = {isa = PBXFileReference; fileEncoding = 4; lastKnownFileType = sourcecode.c.objc; path = FriendshipViewController.m; sourceTree = "<group>"; };
		C7BF0E481D1BBE5000D5DF12 /* FriendshipCollectionViewCell.h */ = {isa = PBXFileReference; fileEncoding = 4; lastKnownFileType = sourcecode.c.h; path = FriendshipCollectionViewCell.h; sourceTree = "<group>"; };
		C7BF0E491D1BBE5000D5DF12 /* FriendshipCollectionViewCell.m */ = {isa = PBXFileReference; fileEncoding = 4; lastKnownFileType = sourcecode.c.objc; path = FriendshipCollectionViewCell.m; sourceTree = "<group>"; };
		C7BF0E4A1D1BBE5000D5DF12 /* FriendshipCollectionViewCell.xib */ = {isa = PBXFileReference; fileEncoding = 4; lastKnownFileType = file.xib; path = FriendshipCollectionViewCell.xib; sourceTree = "<group>"; };
		C7BF0E4B1D1BBE5000D5DF12 /* ShareViewController.h */ = {isa = PBXFileReference; fileEncoding = 4; lastKnownFileType = sourcecode.c.h; path = ShareViewController.h; sourceTree = "<group>"; };
		C7BF0E4C1D1BBE5000D5DF12 /* ShareViewController.m */ = {isa = PBXFileReference; fileEncoding = 4; lastKnownFileType = sourcecode.c.objc; path = ShareViewController.m; sourceTree = "<group>"; };
		C7D972A51D1CE019002EA507 /* QQConnection.framework */ = {isa = PBXFileReference; lastKnownFileType = wrapper.framework; path = QQConnection.framework; sourceTree = "<group>"; };
		C7D972A61D1CE019002EA507 /* QZoneConnection.framework */ = {isa = PBXFileReference; lastKnownFileType = wrapper.framework; path = QZoneConnection.framework; sourceTree = "<group>"; };
		C7D972A71D1CE019002EA507 /* SinaWeiboConnection.framework */ = {isa = PBXFileReference; lastKnownFileType = wrapper.framework; path = SinaWeiboConnection.framework; sourceTree = "<group>"; };
		C7D972A81D1CE019002EA507 /* TencentWeiboConnection.framework */ = {isa = PBXFileReference; lastKnownFileType = wrapper.framework; path = TencentWeiboConnection.framework; sourceTree = "<group>"; };
		C7D972A91D1CE019002EA507 /* WeChatConnection.framework */ = {isa = PBXFileReference; lastKnownFileType = wrapper.framework; path = WeChatConnection.framework; sourceTree = "<group>"; };
		C7D972AB1D1CE019002EA507 /* AGCommon.framework */ = {isa = PBXFileReference; lastKnownFileType = wrapper.framework; path = AGCommon.framework; sourceTree = "<group>"; };
		C7D972AD1D1CE019002EA507 /* en */ = {isa = PBXFileReference; lastKnownFileType = text.plist.strings; name = en; path = en.lproj/ShareSDKLocalizable.strings; sourceTree = "<group>"; };
		C7D972AE1D1CE019002EA507 /* MOBFoundation.framework */ = {isa = PBXFileReference; lastKnownFileType = wrapper.framework; path = MOBFoundation.framework; sourceTree = "<group>"; };
		C7D972AF1D1CE019002EA507 /* Resource.bundle */ = {isa = PBXFileReference; lastKnownFileType = "wrapper.plug-in"; path = Resource.bundle; sourceTree = "<group>"; };
		C7D972B01D1CE019002EA507 /* ShareSDKCoreService.framework */ = {isa = PBXFileReference; lastKnownFileType = wrapper.framework; path = ShareSDKCoreService.framework; sourceTree = "<group>"; };
		C7D972B11D1CE019002EA507 /* zh-Hans */ = {isa = PBXFileReference; lastKnownFileType = text.plist.strings; name = "zh-Hans"; path = "zh-Hans.lproj/ShareSDKLocalizable.strings"; sourceTree = "<group>"; };
		C7D972B41D1CE019002EA507 /* TencentOpenAPI.framework */ = {isa = PBXFileReference; lastKnownFileType = wrapper.framework; path = TencentOpenAPI.framework; sourceTree = "<group>"; };
		C7D972B51D1CE019002EA507 /* TencentOpenApi_IOS_Bundle.bundle */ = {isa = PBXFileReference; lastKnownFileType = "wrapper.plug-in"; path = TencentOpenApi_IOS_Bundle.bundle; sourceTree = "<group>"; };
		C7D972B71D1CE019002EA507 /* libWeiboSDK.a */ = {isa = PBXFileReference; lastKnownFileType = archive.ar; path = libWeiboSDK.a; sourceTree = "<group>"; };
		C7D972B81D1CE019002EA507 /* WBHttpRequest+WeiboGame.h */ = {isa = PBXFileReference; fileEncoding = 4; lastKnownFileType = sourcecode.c.h; path = "WBHttpRequest+WeiboGame.h"; sourceTree = "<group>"; };
		C7D972B91D1CE019002EA507 /* WBHttpRequest+WeiboShare.h */ = {isa = PBXFileReference; fileEncoding = 4; lastKnownFileType = sourcecode.c.h; path = "WBHttpRequest+WeiboShare.h"; sourceTree = "<group>"; };
		C7D972BA1D1CE019002EA507 /* WBHttpRequest+WeiboToken.h */ = {isa = PBXFileReference; fileEncoding = 4; lastKnownFileType = sourcecode.c.h; path = "WBHttpRequest+WeiboToken.h"; sourceTree = "<group>"; };
		C7D972BB1D1CE019002EA507 /* WBHttpRequest+WeiboUser.h */ = {isa = PBXFileReference; fileEncoding = 4; lastKnownFileType = sourcecode.c.h; path = "WBHttpRequest+WeiboUser.h"; sourceTree = "<group>"; };
		C7D972BC1D1CE019002EA507 /* WBHttpRequest.h */ = {isa = PBXFileReference; fileEncoding = 4; lastKnownFileType = sourcecode.c.h; path = WBHttpRequest.h; sourceTree = "<group>"; };
		C7D972BD1D1CE019002EA507 /* WBSDKBasicButton.h */ = {isa = PBXFileReference; fileEncoding = 4; lastKnownFileType = sourcecode.c.h; path = WBSDKBasicButton.h; sourceTree = "<group>"; };
		C7D972BE1D1CE019002EA507 /* WBSDKCommentButton.h */ = {isa = PBXFileReference; fileEncoding = 4; lastKnownFileType = sourcecode.c.h; path = WBSDKCommentButton.h; sourceTree = "<group>"; };
		C7D972BF1D1CE019002EA507 /* WBSDKRelationshipButton.h */ = {isa = PBXFileReference; fileEncoding = 4; lastKnownFileType = sourcecode.c.h; path = WBSDKRelationshipButton.h; sourceTree = "<group>"; };
		C7D972C01D1CE019002EA507 /* WeiboSDK+Statistics.h */ = {isa = PBXFileReference; fileEncoding = 4; lastKnownFileType = sourcecode.c.h; path = "WeiboSDK+Statistics.h"; sourceTree = "<group>"; };
		C7D972C11D1CE019002EA507 /* WeiboSDK.bundle */ = {isa = PBXFileReference; lastKnownFileType = "wrapper.plug-in"; path = WeiboSDK.bundle; sourceTree = "<group>"; };
		C7D972C21D1CE019002EA507 /* WeiboSDK.h */ = {isa = PBXFileReference; fileEncoding = 4; lastKnownFileType = sourcecode.c.h; path = WeiboSDK.h; sourceTree = "<group>"; };
		C7D972C31D1CE019002EA507 /* WeiboUser.h */ = {isa = PBXFileReference; fileEncoding = 4; lastKnownFileType = sourcecode.c.h; path = WeiboUser.h; sourceTree = "<group>"; };
		C7D972C51D1CE019002EA507 /* libWeChatSDK.a */ = {isa = PBXFileReference; lastKnownFileType = archive.ar; path = libWeChatSDK.a; sourceTree = "<group>"; };
		C7D972C61D1CE019002EA507 /* read_me.txt */ = {isa = PBXFileReference; fileEncoding = 4; lastKnownFileType = text; path = read_me.txt; sourceTree = "<group>"; };
		C7D972C71D1CE019002EA507 /* WechatAuthSDK.h */ = {isa = PBXFileReference; fileEncoding = 4; lastKnownFileType = sourcecode.c.h; path = WechatAuthSDK.h; sourceTree = "<group>"; };
		C7D972C81D1CE019002EA507 /* WXApi.h */ = {isa = PBXFileReference; fileEncoding = 4; lastKnownFileType = sourcecode.c.h; path = WXApi.h; sourceTree = "<group>"; };
		C7D972C91D1CE019002EA507 /* WXApiObject.h */ = {isa = PBXFileReference; fileEncoding = 4; lastKnownFileType = sourcecode.c.h; path = WXApiObject.h; sourceTree = "<group>"; };
		C7D972CA1D1CE019002EA507 /* ShareSDK.framework */ = {isa = PBXFileReference; lastKnownFileType = wrapper.framework; path = ShareSDK.framework; sourceTree = "<group>"; };
		C7D972CC1D1CE019002EA507 /* ShareSDKFlatShareViewUI.bundle */ = {isa = PBXFileReference; lastKnownFileType = "wrapper.plug-in"; path = ShareSDKFlatShareViewUI.bundle; sourceTree = "<group>"; };
		C7D972CD1D1CE019002EA507 /* ShareSDKFlatShareViewUI.framework */ = {isa = PBXFileReference; lastKnownFileType = wrapper.framework; path = ShareSDKFlatShareViewUI.framework; sourceTree = "<group>"; };
		C7D972CE1D1CE019002EA507 /* ShareSDKShareActionSheet.framework */ = {isa = PBXFileReference; lastKnownFileType = wrapper.framework; path = ShareSDKShareActionSheet.framework; sourceTree = "<group>"; };
		C7D972E31D1CE0F2002EA507 /* MessageUI.framework */ = {isa = PBXFileReference; lastKnownFileType = wrapper.framework; name = MessageUI.framework; path = System/Library/Frameworks/MessageUI.framework; sourceTree = SDKROOT; };
		C7D972E51D1CE11E002EA507 /* Security.framework */ = {isa = PBXFileReference; lastKnownFileType = wrapper.framework; name = Security.framework; path = System/Library/Frameworks/Security.framework; sourceTree = SDKROOT; };
		C7D972E71D1CE143002EA507 /* CoreTelephony.framework */ = {isa = PBXFileReference; lastKnownFileType = wrapper.framework; name = CoreTelephony.framework; path = System/Library/Frameworks/CoreTelephony.framework; sourceTree = SDKROOT; };
		C7D972E91D1CE158002EA507 /* QuartzCore.framework */ = {isa = PBXFileReference; lastKnownFileType = wrapper.framework; name = QuartzCore.framework; path = System/Library/Frameworks/QuartzCore.framework; sourceTree = SDKROOT; };
		C7D972EB1D1CE172002EA507 /* SystemConfiguration.framework */ = {isa = PBXFileReference; lastKnownFileType = wrapper.framework; name = SystemConfiguration.framework; path = System/Library/Frameworks/SystemConfiguration.framework; sourceTree = SDKROOT; };
		C7D972ED1D1CE1A1002EA507 /* Foundation.framework */ = {isa = PBXFileReference; lastKnownFileType = wrapper.framework; name = Foundation.framework; path = System/Library/Frameworks/Foundation.framework; sourceTree = SDKROOT; };
		C7D972EF1D1CE1B2002EA507 /* CoreGraphics.framework */ = {isa = PBXFileReference; lastKnownFileType = wrapper.framework; name = CoreGraphics.framework; path = System/Library/Frameworks/CoreGraphics.framework; sourceTree = SDKROOT; };
		C7D972F11D1CE4C6002EA507 /* libicucore.tbd */ = {isa = PBXFileReference; lastKnownFileType = "sourcecode.text-based-dylib-definition"; name = libicucore.tbd; path = usr/lib/libicucore.tbd; sourceTree = SDKROOT; };
		C7D972F31D1CE4DA002EA507 /* libz.1.2.5.tbd */ = {isa = PBXFileReference; lastKnownFileType = "sourcecode.text-based-dylib-definition"; name = libz.1.2.5.tbd; path = usr/lib/libz.1.2.5.tbd; sourceTree = SDKROOT; };
		C7D972F51D1CE502002EA507 /* JavaScriptCore.framework */ = {isa = PBXFileReference; lastKnownFileType = wrapper.framework; name = JavaScriptCore.framework; path = System/Library/Frameworks/JavaScriptCore.framework; sourceTree = SDKROOT; };
		C7D972F71D1CE51C002EA507 /* libstdc++.tbd */ = {isa = PBXFileReference; lastKnownFileType = "sourcecode.text-based-dylib-definition"; name = "libstdc++.tbd"; path = "usr/lib/libstdc++.tbd"; sourceTree = SDKROOT; };
		C7D972F91D1CE53E002EA507 /* CoreText.framework */ = {isa = PBXFileReference; lastKnownFileType = wrapper.framework; name = CoreText.framework; path = System/Library/Frameworks/CoreText.framework; sourceTree = SDKROOT; };
		C7D972FB1D1CE55F002EA507 /* ImageIO.framework */ = {isa = PBXFileReference; lastKnownFileType = wrapper.framework; name = ImageIO.framework; path = System/Library/Frameworks/ImageIO.framework; sourceTree = SDKROOT; };
		C7D972FD1D1CE56A002EA507 /* AdSupport.framework */ = {isa = PBXFileReference; lastKnownFileType = wrapper.framework; name = AdSupport.framework; path = System/Library/Frameworks/AdSupport.framework; sourceTree = SDKROOT; };
		C7D972FF1D1CE582002EA507 /* libsqlite3.tbd */ = {isa = PBXFileReference; lastKnownFileType = "sourcecode.text-based-dylib-definition"; name = libsqlite3.tbd; path = usr/lib/libsqlite3.tbd; sourceTree = SDKROOT; };
		CAC84CA8F41ADBD03670E90C /* libPods-文明嘉兴-网络编程（数据请求-类库）.a */ = {isa = PBXFileReference; explicitFileType = archive.ar; includeInIndex = 0; path = "libPods-文明嘉兴-网络编程（数据请求-类库）.a"; sourceTree = BUILT_PRODUCTS_DIR; };
		F3930B69DDAAB23909789BDC /* Pods-文明嘉兴-网络编程（数据请求-类库）.debug.xcconfig */ = {isa = PBXFileReference; includeInIndex = 1; lastKnownFileType = text.xcconfig; name = "Pods-文明嘉兴-网络编程（数据请求-类库）.debug.xcconfig"; path = "Pods/Target Support Files/Pods-文明嘉兴-网络编程（数据请求-类库）/Pods-文明嘉兴-网络编程（数据请求-类库）.debug.xcconfig"; sourceTree = "<group>"; };
/* End PBXFileReference section */

/* Begin PBXFrameworksBuildPhase section */
		C7AF4B011D026FB0007E0467 /* Frameworks */ = {
			isa = PBXFrameworksBuildPhase;
			buildActionMask = 2147483647;
			files = (
				C7D973001D1CE582002EA507 /* libsqlite3.tbd in Frameworks */,
				C7D972FE1D1CE56A002EA507 /* AdSupport.framework in Frameworks */,
				C7D972FC1D1CE55F002EA507 /* ImageIO.framework in Frameworks */,
				C7D972FA1D1CE53E002EA507 /* CoreText.framework in Frameworks */,
				C7D972F81D1CE51C002EA507 /* libstdc++.tbd in Frameworks */,
				C7D972F61D1CE502002EA507 /* JavaScriptCore.framework in Frameworks */,
				C7D972F41D1CE4DA002EA507 /* libz.1.2.5.tbd in Frameworks */,
				C7D972F21D1CE4C7002EA507 /* libicucore.tbd in Frameworks */,
				C7D972F01D1CE1B3002EA507 /* CoreGraphics.framework in Frameworks */,
				C7D972EE1D1CE1A1002EA507 /* Foundation.framework in Frameworks */,
				C7D972EC1D1CE172002EA507 /* SystemConfiguration.framework in Frameworks */,
				C7D972EA1D1CE158002EA507 /* QuartzCore.framework in Frameworks */,
				C7D972E81D1CE143002EA507 /* CoreTelephony.framework in Frameworks */,
				C7D972E61D1CE11E002EA507 /* Security.framework in Frameworks */,
				C7D972E41D1CE0F2002EA507 /* MessageUI.framework in Frameworks */,
				C7D972D61D1CE019002EA507 /* MOBFoundation.framework in Frameworks */,
				C7D972DB1D1CE019002EA507 /* libWeiboSDK.a in Frameworks */,
				C7D972DD1D1CE019002EA507 /* libWeChatSDK.a in Frameworks */,
				C7D972CF1D1CE019002EA507 /* QQConnection.framework in Frameworks */,
				3AB35CD4CE6A29A77FFEA551 /* libPods-文明嘉兴-网络编程（数据请求-类库）.a in Frameworks */,
				C7D972E11D1CE019002EA507 /* ShareSDKFlatShareViewUI.framework in Frameworks */,
				C7D972E21D1CE019002EA507 /* ShareSDKShareActionSheet.framework in Frameworks */,
				C7D972D41D1CE019002EA507 /* AGCommon.framework in Frameworks */,
				C7D972DF1D1CE019002EA507 /* ShareSDK.framework in Frameworks */,
				C7D972D31D1CE019002EA507 /* WeChatConnection.framework in Frameworks */,
				C7D972D91D1CE019002EA507 /* TencentOpenAPI.framework in Frameworks */,
				C7D972D21D1CE019002EA507 /* TencentWeiboConnection.framework in Frameworks */,
				C7D972D11D1CE019002EA507 /* SinaWeiboConnection.framework in Frameworks */,
				C7D972D81D1CE019002EA507 /* ShareSDKCoreService.framework in Frameworks */,
				C7D972D01D1CE019002EA507 /* QZoneConnection.framework in Frameworks */,
			);
			runOnlyForDeploymentPostprocessing = 0;
		};
		C7AF4B1D1D026FB0007E0467 /* Frameworks */ = {
			isa = PBXFrameworksBuildPhase;
			buildActionMask = 2147483647;
			files = (
			);
			runOnlyForDeploymentPostprocessing = 0;
		};
		C7AF4B281D026FB0007E0467 /* Frameworks */ = {
			isa = PBXFrameworksBuildPhase;
			buildActionMask = 2147483647;
			files = (
			);
			runOnlyForDeploymentPostprocessing = 0;
		};
/* End PBXFrameworksBuildPhase section */

/* Begin PBXGroup section */
		004E099DE3C6D401276AE55C /* Pods */ = {
			isa = PBXGroup;
			children = (
				F3930B69DDAAB23909789BDC /* Pods-文明嘉兴-网络编程（数据请求-类库）.debug.xcconfig */,
				BDBA92291A12DC1D8A4A4C6E /* Pods-文明嘉兴-网络编程（数据请求-类库）.release.xcconfig */,
			);
			name = Pods;
			sourceTree = "<group>";
		};
		2DDA449A27D85F62567BF59B /* Frameworks */ = {
			isa = PBXGroup;
			children = (
				C7D972FF1D1CE582002EA507 /* libsqlite3.tbd */,
				C7D972FD1D1CE56A002EA507 /* AdSupport.framework */,
				C7D972FB1D1CE55F002EA507 /* ImageIO.framework */,
				C7D972F91D1CE53E002EA507 /* CoreText.framework */,
				C7D972F71D1CE51C002EA507 /* libstdc++.tbd */,
				C7D972F51D1CE502002EA507 /* JavaScriptCore.framework */,
				C7D972F31D1CE4DA002EA507 /* libz.1.2.5.tbd */,
				C7D972F11D1CE4C6002EA507 /* libicucore.tbd */,
				C7D972EF1D1CE1B2002EA507 /* CoreGraphics.framework */,
				C7D972ED1D1CE1A1002EA507 /* Foundation.framework */,
				C7D972EB1D1CE172002EA507 /* SystemConfiguration.framework */,
				C7D972E91D1CE158002EA507 /* QuartzCore.framework */,
				C7D972E71D1CE143002EA507 /* CoreTelephony.framework */,
				C7D972E51D1CE11E002EA507 /* Security.framework */,
				C7D972E31D1CE0F2002EA507 /* MessageUI.framework */,
				CAC84CA8F41ADBD03670E90C /* libPods-文明嘉兴-网络编程（数据请求-类库）.a */,
			);
			name = Frameworks;
			sourceTree = "<group>";
		};
		C7141F211D07B77F0093A69F /* Models */ = {
			isa = PBXGroup;
			children = (
				C7141F281D07BE8E0093A69F /* News.h */,
				C7141F291D07BE8E0093A69F /* News.m */,
				C71C5E2E1D0CE3A200841E12 /* BannerNews.h */,
				C71C5E2F1D0CE3A200841E12 /* BannerNews.m */,
				C742A0771D1A1D9100958B8F /* NewsSort.h */,
				C742A0781D1A1D9100958B8F /* NewsSort.m */,
				C745AF701D1B722700195E50 /* GetPsas.h */,
				C745AF711D1B722700195E50 /* GetPsas.m */,
				C72479A21D1BE1A600EC77CD /* GetAnnouncement.h */,
				C72479A31D1BE1A600EC77CD /* GetAnnouncement.m */,
				C7AF4B131D026FB0007E0467 /* __________________.xcdatamodeld */,
			);
			name = Models;
			sourceTree = "<group>";
		};
		C7141F2D1D07CC490093A69F /* View */ = {
			isa = PBXGroup;
			children = (
				C73BAF161D17FAA60026833E /* cell */,
				C7AF4B101D026FB0007E0467 /* Main.storyboard */,
				C7AF4B161D026FB0007E0467 /* Assets.xcassets */,
				C7AF4B181D026FB0007E0467 /* LaunchScreen.storyboard */,
			);
			name = View;
			sourceTree = "<group>";
		};
		C71ED2A51D06ACCC00275216 /* Controller */ = {
			isa = PBXGroup;
			children = (
				C73BAF121D17E7230026833E /* 新闻栏 */,
				C745AF6F1D1B71E700195E50 /* 微文明 */,
				C73BAF141D17E77B0026833E /* 公益 */,
				C73BAF151D17E7D10026833E /* 文明办 */,
			);
			name = Controller;
			sourceTree = "<group>";
		};
		C73BAF121D17E7230026833E /* 新闻栏 */ = {
			isa = PBXGroup;
			children = (
				C76D2F471D11427800637F58 /* NewViewController.h */,
				C76D2F481D11427800637F58 /* NewViewController.m */,
				C73BAF131D17E7460026833E /* TopController */,
				C742A07A1D1A752600958B8F /* 新闻详情页面 */,
			);
			name = "新闻栏";
			sourceTree = "<group>";
		};
		C73BAF131D17E7460026833E /* TopController */ = {
			isa = PBXGroup;
			children = (
				C7AF4B0D1D026FB0007E0467 /* OneController.h */,
				C7AF4B0E1D026FB0007E0467 /* OneController.m */,
			);
			name = TopController;
			sourceTree = "<group>";
		};
		C73BAF141D17E77B0026833E /* 公益 */ = {
			isa = PBXGroup;
			children = (
				C76D2F4A1D1142FE00637F58 /* PublicViewController.h */,
				C76D2F4B1D1142FE00637F58 /* PublicViewController.m */,
			);
			name = "公益";
			sourceTree = "<group>";
		};
		C73BAF151D17E7D10026833E /* 文明办 */ = {
			isa = PBXGroup;
			children = (
				C76D2F4D1D11433200637F58 /* CivilizationViewController.h */,
				C76D2F4E1D11433200637F58 /* CivilizationViewController.m */,
				C745AF761D1BBC1C00195E50 /* 四个页面 */,
			);
			name = "文明办";
			sourceTree = "<group>";
		};
		C73BAF161D17FAA60026833E /* cell */ = {
			isa = PBXGroup;
			children = (
				C7AF4B6F1D027125007E0467 /* TableViewCell.h */,
				C7AF4B701D027125007E0467 /* TableViewCell.m */,
				C7AF4B711D027125007E0467 /* TableViewCell.xib */,
				C742A07E1D1AAAFC00958B8F /* ThemeTableViewCell.h */,
				C742A07F1D1AAAFC00958B8F /* ThemeTableViewCell.m */,
				C742A0801D1AAAFC00958B8F /* ThemeTableViewCell.xib */,
			);
			name = cell;
			sourceTree = "<group>";
		};
		C742A07A1D1A752600958B8F /* 新闻详情页面 */ = {
			isa = PBXGroup;
			children = (
				C742A07B1D1A754C00958B8F /* DetailViewController.h */,
				C742A07C1D1A754C00958B8F /* DetailViewController.m */,
			);
			name = "新闻详情页面";
			sourceTree = "<group>";
		};
		C745AF6F1D1B71E700195E50 /* 微文明 */ = {
			isa = PBXGroup;
			children = (
				C745AF731D1B8B6D00195E50 /* TinyViewController.h */,
				C745AF741D1B8B6D00195E50 /* TinyViewController.m */,
			);
			name = "微文明";
			sourceTree = "<group>";
		};
		C745AF761D1BBC1C00195E50 /* 四个页面 */ = {
			isa = PBXGroup;
			children = (
				C7BF0E571D1BBE6000D5DF12 /* cell */,
				C7BF0E581D1BBE7C00D5DF12 /* 二维码 */,
				C7BF0E591D1BBE9400D5DF12 /* 通知公告 */,
				C7BF0E5A1D1BBEB200D5DF12 /* 友情链接 */,
				C7BF0E5B1D1BBEC400D5DF12 /* 分享 */,
			);
			name = "四个页面";
			sourceTree = "<group>";
		};
		C7AF4AFB1D026FB0007E0467 = {
			isa = PBXGroup;
			children = (
				C7AF4B061D026FB0007E0467 /* 文明嘉兴-网络编程（数据请求-类库） */,
				C7AF4B231D026FB0007E0467 /* 文明嘉兴-网络编程（数据请求-类库）Tests */,
				C7AF4B2E1D026FB0007E0467 /* 文明嘉兴-网络编程（数据请求-类库）UITests */,
				C7AF4B051D026FB0007E0467 /* Products */,
				004E099DE3C6D401276AE55C /* Pods */,
				2DDA449A27D85F62567BF59B /* Frameworks */,
			);
			sourceTree = "<group>";
		};
		C7AF4B051D026FB0007E0467 /* Products */ = {
			isa = PBXGroup;
			children = (
				C7AF4B041D026FB0007E0467 /* 文明嘉兴-网络编程（数据请求-类库）.app */,
				C7AF4B201D026FB0007E0467 /* 文明嘉兴-网络编程（数据请求-类库）Tests.xctest */,
				C7AF4B2B1D026FB0007E0467 /* 文明嘉兴-网络编程（数据请求-类库）UITests.xctest */,
			);
			name = Products;
			sourceTree = "<group>";
		};
		C7AF4B061D026FB0007E0467 /* 文明嘉兴-网络编程（数据请求-类库） */ = {
			isa = PBXGroup;
			children = (
				C7D972A31D1CE019002EA507 /* ShareSDK */,
				C7141F2D1D07CC490093A69F /* View */,
				C7141F211D07B77F0093A69F /* Models */,
				C71ED2A51D06ACCC00275216 /* Controller */,
				C7AF4B071D026FB0007E0467 /* Supporting Files */,
				C7AF4B0A1D026FB0007E0467 /* AppDelegate.h */,
				C7AF4B0B1D026FB0007E0467 /* AppDelegate.m */,
				C7AF4B1B1D026FB0007E0467 /* Info.plist */,
			);
			path = "文明嘉兴-网络编程（数据请求-类库）";
			sourceTree = "<group>";
		};
		C7AF4B071D026FB0007E0467 /* Supporting Files */ = {
			isa = PBXGroup;
			children = (
				C766E60E1D055B63004679AD /* PrefixHeader.pch */,
				C7AF4B081D026FB0007E0467 /* main.m */,
			);
			name = "Supporting Files";
			sourceTree = "<group>";
		};
		C7AF4B231D026FB0007E0467 /* 文明嘉兴-网络编程（数据请求-类库）Tests */ = {
			isa = PBXGroup;
			children = (
				C7AF4B241D026FB0007E0467 /* __________________Tests.m */,
				C7AF4B261D026FB0007E0467 /* Info.plist */,
			);
			path = "文明嘉兴-网络编程（数据请求-类库）Tests";
			sourceTree = "<group>";
		};
		C7AF4B2E1D026FB0007E0467 /* 文明嘉兴-网络编程（数据请求-类库）UITests */ = {
			isa = PBXGroup;
			children = (
				C7AF4B2F1D026FB0007E0467 /* __________________UITests.m */,
				C7AF4B311D026FB0007E0467 /* Info.plist */,
			);
			path = "文明嘉兴-网络编程（数据请求-类库）UITests";
			sourceTree = "<group>";
		};
		C7B6E7B51D1D205500110741 /* 跳转页面 */ = {
			isa = PBXGroup;
			children = (
				C7BA0E621D1D561A00E6859A /* PassViewController.h */,
				C7BA0E631D1D561A00E6859A /* PassViewController.m */,
			);
			name = "跳转页面";
			sourceTree = "<group>";
		};
		C7BF0E571D1BBE6000D5DF12 /* cell */ = {
			isa = PBXGroup;
			children = (
				C7BF0E401D1BBE5000D5DF12 /* NotificationTableViewCell.h */,
				C7BF0E441D1BBE5000D5DF12 /* NotificationTableViewCell.m */,
				C7BF0E451D1BBE5000D5DF12 /* NotificationTableViewCell.xib */,
				C7BF0E481D1BBE5000D5DF12 /* FriendshipCollectionViewCell.h */,
				C7BF0E491D1BBE5000D5DF12 /* FriendshipCollectionViewCell.m */,
				C7BF0E4A1D1BBE5000D5DF12 /* FriendshipCollectionViewCell.xib */,
			);
			name = cell;
			sourceTree = "<group>";
		};
		C7BF0E581D1BBE7C00D5DF12 /* 二维码 */ = {
			isa = PBXGroup;
			children = (
				C7BF0E411D1BBE5000D5DF12 /* QRcodeViewController.h */,
				C7BF0E421D1BBE5000D5DF12 /* QRcodeViewController.m */,
			);
			name = "二维码";
			sourceTree = "<group>";
		};
		C7BF0E591D1BBE9400D5DF12 /* 通知公告 */ = {
			isa = PBXGroup;
			children = (
				C7BF0E431D1BBE5000D5DF12 /* NotificationViewController.h */,
				C7BF0E3F1D1BBE5000D5DF12 /* NotificationViewController.m */,
			);
			name = "通知公告";
			sourceTree = "<group>";
		};
		C7BF0E5A1D1BBEB200D5DF12 /* 友情链接 */ = {
			isa = PBXGroup;
			children = (
				C7BF0E461D1BBE5000D5DF12 /* FriendshipViewController.h */,
				C7BF0E471D1BBE5000D5DF12 /* FriendshipViewController.m */,
				C7B6E7B51D1D205500110741 /* 跳转页面 */,
			);
			name = "友情链接";
			sourceTree = "<group>";
		};
		C7BF0E5B1D1BBEC400D5DF12 /* 分享 */ = {
			isa = PBXGroup;
			children = (
				C7BF0E4B1D1BBE5000D5DF12 /* ShareViewController.h */,
				C7BF0E4C1D1BBE5000D5DF12 /* ShareViewController.m */,
			);
			name = "分享";
			sourceTree = "<group>";
		};
		C7D972A31D1CE019002EA507 /* ShareSDK */ = {
			isa = PBXGroup;
			children = (
				C7D972A41D1CE019002EA507 /* Connection */,
				C7D972AA1D1CE019002EA507 /* Core */,
				C7D972B21D1CE019002EA507 /* Extend */,
				C7D972CA1D1CE019002EA507 /* ShareSDK.framework */,
				C7D972CB1D1CE019002EA507 /* UI */,
			);
			path = ShareSDK;
			sourceTree = "<group>";
		};
		C7D972A41D1CE019002EA507 /* Connection */ = {
			isa = PBXGroup;
			children = (
				C7D972A51D1CE019002EA507 /* QQConnection.framework */,
				C7D972A61D1CE019002EA507 /* QZoneConnection.framework */,
				C7D972A71D1CE019002EA507 /* SinaWeiboConnection.framework */,
				C7D972A81D1CE019002EA507 /* TencentWeiboConnection.framework */,
				C7D972A91D1CE019002EA507 /* WeChatConnection.framework */,
			);
			path = Connection;
			sourceTree = "<group>";
		};
		C7D972AA1D1CE019002EA507 /* Core */ = {
			isa = PBXGroup;
			children = (
				C7D972AB1D1CE019002EA507 /* AGCommon.framework */,
				C7D972AC1D1CE019002EA507 /* ShareSDKLocalizable.strings */,
				C7D972AE1D1CE019002EA507 /* MOBFoundation.framework */,
				C7D972AF1D1CE019002EA507 /* Resource.bundle */,
				C7D972B01D1CE019002EA507 /* ShareSDKCoreService.framework */,
			);
			path = Core;
			sourceTree = "<group>";
		};
		C7D972B21D1CE019002EA507 /* Extend */ = {
			isa = PBXGroup;
			children = (
				C7D972B31D1CE019002EA507 /* QQConnectSDK */,
				C7D972B61D1CE019002EA507 /* SinaWeiboSDK */,
				C7D972C41D1CE019002EA507 /* WeChatSDK */,
			);
			path = Extend;
			sourceTree = "<group>";
		};
		C7D972B31D1CE019002EA507 /* QQConnectSDK */ = {
			isa = PBXGroup;
			children = (
				C7D972B41D1CE019002EA507 /* TencentOpenAPI.framework */,
				C7D972B51D1CE019002EA507 /* TencentOpenApi_IOS_Bundle.bundle */,
			);
			path = QQConnectSDK;
			sourceTree = "<group>";
		};
		C7D972B61D1CE019002EA507 /* SinaWeiboSDK */ = {
			isa = PBXGroup;
			children = (
				C7D972B71D1CE019002EA507 /* libWeiboSDK.a */,
				C7D972B81D1CE019002EA507 /* WBHttpRequest+WeiboGame.h */,
				C7D972B91D1CE019002EA507 /* WBHttpRequest+WeiboShare.h */,
				C7D972BA1D1CE019002EA507 /* WBHttpRequest+WeiboToken.h */,
				C7D972BB1D1CE019002EA507 /* WBHttpRequest+WeiboUser.h */,
				C7D972BC1D1CE019002EA507 /* WBHttpRequest.h */,
				C7D972BD1D1CE019002EA507 /* WBSDKBasicButton.h */,
				C7D972BE1D1CE019002EA507 /* WBSDKCommentButton.h */,
				C7D972BF1D1CE019002EA507 /* WBSDKRelationshipButton.h */,
				C7D972C01D1CE019002EA507 /* WeiboSDK+Statistics.h */,
				C7D972C11D1CE019002EA507 /* WeiboSDK.bundle */,
				C7D972C21D1CE019002EA507 /* WeiboSDK.h */,
				C7D972C31D1CE019002EA507 /* WeiboUser.h */,
			);
			path = SinaWeiboSDK;
			sourceTree = "<group>";
		};
		C7D972C41D1CE019002EA507 /* WeChatSDK */ = {
			isa = PBXGroup;
			children = (
				C7D972C51D1CE019002EA507 /* libWeChatSDK.a */,
				C7D972C61D1CE019002EA507 /* read_me.txt */,
				C7D972C71D1CE019002EA507 /* WechatAuthSDK.h */,
				C7D972C81D1CE019002EA507 /* WXApi.h */,
				C7D972C91D1CE019002EA507 /* WXApiObject.h */,
			);
			path = WeChatSDK;
			sourceTree = "<group>";
		};
		C7D972CB1D1CE019002EA507 /* UI */ = {
			isa = PBXGroup;
			children = (
				C7D972CC1D1CE019002EA507 /* ShareSDKFlatShareViewUI.bundle */,
				C7D972CD1D1CE019002EA507 /* ShareSDKFlatShareViewUI.framework */,
				C7D972CE1D1CE019002EA507 /* ShareSDKShareActionSheet.framework */,
			);
			path = UI;
			sourceTree = "<group>";
		};
/* End PBXGroup section */

/* Begin PBXNativeTarget section */
		C7AF4B031D026FB0007E0467 /* 文明嘉兴-网络编程（数据请求-类库） */ = {
			isa = PBXNativeTarget;
			buildConfigurationList = C7AF4B341D026FB0007E0467 /* Build configuration list for PBXNativeTarget "文明嘉兴-网络编程（数据请求-类库）" */;
			buildPhases = (
				63499330BF27C5F9CE6CFFDE /* Check Pods Manifest.lock */,
				C7AF4B001D026FB0007E0467 /* Sources */,
				C7AF4B011D026FB0007E0467 /* Frameworks */,
				C7AF4B021D026FB0007E0467 /* Resources */,
				15F933F9D40D9A19994078C8 /* Embed Pods Frameworks */,
				CD3E9DF82857C011DEF6E1F5 /* Copy Pods Resources */,
			);
			buildRules = (
			);
			dependencies = (
			);
			name = "文明嘉兴-网络编程（数据请求-类库）";
			productName = "文明嘉兴-网络编程（数据请求-类库）";
			productReference = C7AF4B041D026FB0007E0467 /* 文明嘉兴-网络编程（数据请求-类库）.app */;
			productType = "com.apple.product-type.application";
		};
		C7AF4B1F1D026FB0007E0467 /* 文明嘉兴-网络编程（数据请求-类库）Tests */ = {
			isa = PBXNativeTarget;
			buildConfigurationList = C7AF4B371D026FB0007E0467 /* Build configuration list for PBXNativeTarget "文明嘉兴-网络编程（数据请求-类库）Tests" */;
			buildPhases = (
				C7AF4B1C1D026FB0007E0467 /* Sources */,
				C7AF4B1D1D026FB0007E0467 /* Frameworks */,
				C7AF4B1E1D026FB0007E0467 /* Resources */,
			);
			buildRules = (
			);
			dependencies = (
				C7AF4B221D026FB0007E0467 /* PBXTargetDependency */,
			);
			name = "文明嘉兴-网络编程（数据请求-类库）Tests";
			productName = "文明嘉兴-网络编程（数据请求-类库）Tests";
			productReference = C7AF4B201D026FB0007E0467 /* 文明嘉兴-网络编程（数据请求-类库）Tests.xctest */;
			productType = "com.apple.product-type.bundle.unit-test";
		};
		C7AF4B2A1D026FB0007E0467 /* 文明嘉兴-网络编程（数据请求-类库）UITests */ = {
			isa = PBXNativeTarget;
			buildConfigurationList = C7AF4B3A1D026FB0007E0467 /* Build configuration list for PBXNativeTarget "文明嘉兴-网络编程（数据请求-类库）UITests" */;
			buildPhases = (
				C7AF4B271D026FB0007E0467 /* Sources */,
				C7AF4B281D026FB0007E0467 /* Frameworks */,
				C7AF4B291D026FB0007E0467 /* Resources */,
			);
			buildRules = (
			);
			dependencies = (
				C7AF4B2D1D026FB0007E0467 /* PBXTargetDependency */,
			);
			name = "文明嘉兴-网络编程（数据请求-类库）UITests";
			productName = "文明嘉兴-网络编程（数据请求-类库）UITests";
			productReference = C7AF4B2B1D026FB0007E0467 /* 文明嘉兴-网络编程（数据请求-类库）UITests.xctest */;
			productType = "com.apple.product-type.bundle.ui-testing";
		};
/* End PBXNativeTarget section */

/* Begin PBXProject section */
		C7AF4AFC1D026FB0007E0467 /* Project object */ = {
			isa = PBXProject;
			attributes = {
				LastUpgradeCheck = 0710;
				ORGANIZATIONNAME = "段东刚";
				TargetAttributes = {
					C7AF4B031D026FB0007E0467 = {
						CreatedOnToolsVersion = 7.1;
					};
					C7AF4B1F1D026FB0007E0467 = {
						CreatedOnToolsVersion = 7.1;
						TestTargetID = C7AF4B031D026FB0007E0467;
					};
					C7AF4B2A1D026FB0007E0467 = {
						CreatedOnToolsVersion = 7.1;
						TestTargetID = C7AF4B031D026FB0007E0467;
					};
				};
			};
			buildConfigurationList = C7AF4AFF1D026FB0007E0467 /* Build configuration list for PBXProject "文明嘉兴-网络编程（数据请求-类库）" */;
			compatibilityVersion = "Xcode 3.2";
			developmentRegion = English;
			hasScannedForEncodings = 0;
			knownRegions = (
				en,
				Base,
				"zh-Hans",
			);
			mainGroup = C7AF4AFB1D026FB0007E0467;
			productRefGroup = C7AF4B051D026FB0007E0467 /* Products */;
			projectDirPath = "";
			projectRoot = "";
			targets = (
				C7AF4B031D026FB0007E0467 /* 文明嘉兴-网络编程（数据请求-类库） */,
				C7AF4B1F1D026FB0007E0467 /* 文明嘉兴-网络编程（数据请求-类库）Tests */,
				C7AF4B2A1D026FB0007E0467 /* 文明嘉兴-网络编程（数据请求-类库）UITests */,
			);
		};
/* End PBXProject section */

/* Begin PBXResourcesBuildPhase section */
		C7AF4B021D026FB0007E0467 /* Resources */ = {
			isa = PBXResourcesBuildPhase;
			buildActionMask = 2147483647;
			files = (
				C7AF4B1A1D026FB0007E0467 /* LaunchScreen.storyboard in Resources */,
				C742A0821D1AAAFC00958B8F /* ThemeTableViewCell.xib in Resources */,
				C7D972D51D1CE019002EA507 /* ShareSDKLocalizable.strings in Resources */,
				C7BF0E541D1BBE5000D5DF12 /* FriendshipCollectionViewCell.xib in Resources */,
				C7BF0E511D1BBE5000D5DF12 /* NotificationTableViewCell.xib in Resources */,
				C7D972E01D1CE019002EA507 /* ShareSDKFlatShareViewUI.bundle in Resources */,
				C7AF4B731D027125007E0467 /* TableViewCell.xib in Resources */,
				C7D972D71D1CE019002EA507 /* Resource.bundle in Resources */,
				C7AF4B171D026FB0007E0467 /* Assets.xcassets in Resources */,
				C7D972DC1D1CE019002EA507 /* WeiboSDK.bundle in Resources */,
				C7D972DA1D1CE019002EA507 /* TencentOpenApi_IOS_Bundle.bundle in Resources */,
				C7D972DE1D1CE019002EA507 /* read_me.txt in Resources */,
				C7AF4B121D026FB0007E0467 /* Main.storyboard in Resources */,
			);
			runOnlyForDeploymentPostprocessing = 0;
		};
		C7AF4B1E1D026FB0007E0467 /* Resources */ = {
			isa = PBXResourcesBuildPhase;
			buildActionMask = 2147483647;
			files = (
			);
			runOnlyForDeploymentPostprocessing = 0;
		};
		C7AF4B291D026FB0007E0467 /* Resources */ = {
			isa = PBXResourcesBuildPhase;
			buildActionMask = 2147483647;
			files = (
			);
			runOnlyForDeploymentPostprocessing = 0;
		};
/* End PBXResourcesBuildPhase section */

/* Begin PBXShellScriptBuildPhase section */
		15F933F9D40D9A19994078C8 /* Embed Pods Frameworks */ = {
			isa = PBXShellScriptBuildPhase;
			buildActionMask = 2147483647;
			files = (
			);
			inputPaths = (
			);
			name = "Embed Pods Frameworks";
			outputPaths = (
			);
			runOnlyForDeploymentPostprocessing = 0;
			shellPath = /bin/sh;
			shellScript = "\"${SRCROOT}/Pods/Target Support Files/Pods-文明嘉兴-网络编程（数据请求-类库）/Pods-文明嘉兴-网络编程（数据请求-类库）-frameworks.sh\"\n";
			showEnvVarsInLog = 0;
		};
		63499330BF27C5F9CE6CFFDE /* Check Pods Manifest.lock */ = {
			isa = PBXShellScriptBuildPhase;
			buildActionMask = 2147483647;
			files = (
			);
			inputPaths = (
			);
			name = "Check Pods Manifest.lock";
			outputPaths = (
			);
			runOnlyForDeploymentPostprocessing = 0;
			shellPath = /bin/sh;
			shellScript = "diff \"${PODS_ROOT}/../Podfile.lock\" \"${PODS_ROOT}/Manifest.lock\" > /dev/null\nif [[ $? != 0 ]] ; then\n    cat << EOM\nerror: The sandbox is not in sync with the Podfile.lock. Run 'pod install' or update your CocoaPods installation.\nEOM\n    exit 1\nfi\n";
			showEnvVarsInLog = 0;
		};
		CD3E9DF82857C011DEF6E1F5 /* Copy Pods Resources */ = {
			isa = PBXShellScriptBuildPhase;
			buildActionMask = 2147483647;
			files = (
			);
			inputPaths = (
			);
			name = "Copy Pods Resources";
			outputPaths = (
			);
			runOnlyForDeploymentPostprocessing = 0;
			shellPath = /bin/sh;
			shellScript = "\"${SRCROOT}/Pods/Target Support Files/Pods-文明嘉兴-网络编程（数据请求-类库）/Pods-文明嘉兴-网络编程（数据请求-类库）-resources.sh\"\n";
			showEnvVarsInLog = 0;
		};
/* End PBXShellScriptBuildPhase section */

/* Begin PBXSourcesBuildPhase section */
		C7AF4B001D026FB0007E0467 /* Sources */ = {
			isa = PBXSourcesBuildPhase;
			buildActionMask = 2147483647;
			files = (
				C7BF0E531D1BBE5000D5DF12 /* FriendshipCollectionViewCell.m in Sources */,
				C76D2F4F1D11433200637F58 /* CivilizationViewController.m in Sources */,
				C7BF0E521D1BBE5000D5DF12 /* FriendshipViewController.m in Sources */,
				C7AF4B0F1D026FB0007E0467 /* OneController.m in Sources */,
				C7BF0E551D1BBE5000D5DF12 /* ShareViewController.m in Sources */,
				C745AF751D1B8B6D00195E50 /* TinyViewController.m in Sources */,
				C742A0811D1AAAFC00958B8F /* ThemeTableViewCell.m in Sources */,
				C7BF0E501D1BBE5000D5DF12 /* NotificationTableViewCell.m in Sources */,
				C7AF4B151D026FB0007E0467 /* __________________.xcdatamodeld in Sources */,
				C71C5E301D0CE3A200841E12 /* BannerNews.m in Sources */,
				C76D2F491D11427800637F58 /* NewViewController.m in Sources */,
				C7AF4B0C1D026FB0007E0467 /* AppDelegate.m in Sources */,
				C7BF0E4F1D1BBE5000D5DF12 /* QRcodeViewController.m in Sources */,
				C745AF721D1B722700195E50 /* GetPsas.m in Sources */,
				C7AF4B091D026FB0007E0467 /* main.m in Sources */,
				C7141F2A1D07BE8E0093A69F /* News.m in Sources */,
				C76D2F4C1D1142FE00637F58 /* PublicViewController.m in Sources */,
				C7AF4B721D027125007E0467 /* TableViewCell.m in Sources */,
				C7BF0E4E1D1BBE5000D5DF12 /* NotificationViewController.m in Sources */,
				C742A0791D1A1D9100958B8F /* NewsSort.m in Sources */,
				C7BA0E641D1D561A00E6859A /* PassViewController.m in Sources */,
				C742A07D1D1A754C00958B8F /* DetailViewController.m in Sources */,
				C72479A41D1BE1A600EC77CD /* GetAnnouncement.m in Sources */,
			);
			runOnlyForDeploymentPostprocessing = 0;
		};
		C7AF4B1C1D026FB0007E0467 /* Sources */ = {
			isa = PBXSourcesBuildPhase;
			buildActionMask = 2147483647;
			files = (
				C7AF4B251D026FB0007E0467 /* __________________Tests.m in Sources */,
			);
			runOnlyForDeploymentPostprocessing = 0;
		};
		C7AF4B271D026FB0007E0467 /* Sources */ = {
			isa = PBXSourcesBuildPhase;
			buildActionMask = 2147483647;
			files = (
				C7AF4B301D026FB0007E0467 /* __________________UITests.m in Sources */,
			);
			runOnlyForDeploymentPostprocessing = 0;
		};
/* End PBXSourcesBuildPhase section */

/* Begin PBXTargetDependency section */
		C7AF4B221D026FB0007E0467 /* PBXTargetDependency */ = {
			isa = PBXTargetDependency;
			target = C7AF4B031D026FB0007E0467 /* 文明嘉兴-网络编程（数据请求-类库） */;
			targetProxy = C7AF4B211D026FB0007E0467 /* PBXContainerItemProxy */;
		};
		C7AF4B2D1D026FB0007E0467 /* PBXTargetDependency */ = {
			isa = PBXTargetDependency;
			target = C7AF4B031D026FB0007E0467 /* 文明嘉兴-网络编程（数据请求-类库） */;
			targetProxy = C7AF4B2C1D026FB0007E0467 /* PBXContainerItemProxy */;
		};
/* End PBXTargetDependency section */

/* Begin PBXVariantGroup section */
		C7AF4B101D026FB0007E0467 /* Main.storyboard */ = {
			isa = PBXVariantGroup;
			children = (
				C7AF4B111D026FB0007E0467 /* Base */,
			);
			name = Main.storyboard;
			sourceTree = "<group>";
		};
		C7AF4B181D026FB0007E0467 /* LaunchScreen.storyboard */ = {
			isa = PBXVariantGroup;
			children = (
				C7AF4B191D026FB0007E0467 /* Base */,
			);
			name = LaunchScreen.storyboard;
			sourceTree = "<group>";
		};
		C7D972AC1D1CE019002EA507 /* ShareSDKLocalizable.strings */ = {
			isa = PBXVariantGroup;
			children = (
				C7D972AD1D1CE019002EA507 /* en */,
				C7D972B11D1CE019002EA507 /* zh-Hans */,
			);
			name = ShareSDKLocalizable.strings;
			sourceTree = "<group>";
		};
/* End PBXVariantGroup section */

/* Begin XCBuildConfiguration section */
		C7AF4B321D026FB0007E0467 /* Debug */ = {
			isa = XCBuildConfiguration;
			buildSettings = {
				ALWAYS_SEARCH_USER_PATHS = NO;
				CLANG_CXX_LANGUAGE_STANDARD = "gnu++0x";
				CLANG_CXX_LIBRARY = "libc++";
				CLANG_ENABLE_MODULES = YES;
				CLANG_ENABLE_OBJC_ARC = YES;
				CLANG_WARN_BOOL_CONVERSION = YES;
				CLANG_WARN_CONSTANT_CONVERSION = YES;
				CLANG_WARN_DIRECT_OBJC_ISA_USAGE = YES_ERROR;
				CLANG_WARN_EMPTY_BODY = YES;
				CLANG_WARN_ENUM_CONVERSION = YES;
				CLANG_WARN_INT_CONVERSION = YES;
				CLANG_WARN_OBJC_ROOT_CLASS = YES_ERROR;
				CLANG_WARN_UNREACHABLE_CODE = YES;
				CLANG_WARN__DUPLICATE_METHOD_MATCH = YES;
				"CODE_SIGN_IDENTITY[sdk=iphoneos*]" = "iPhone Developer";
				COPY_PHASE_STRIP = NO;
				DEBUG_INFORMATION_FORMAT = dwarf;
				ENABLE_STRICT_OBJC_MSGSEND = YES;
				ENABLE_TESTABILITY = YES;
				GCC_C_LANGUAGE_STANDARD = gnu99;
				GCC_DYNAMIC_NO_PIC = NO;
				GCC_NO_COMMON_BLOCKS = YES;
				GCC_OPTIMIZATION_LEVEL = 0;
				GCC_PREPROCESSOR_DEFINITIONS = (
					"DEBUG=1",
					"$(inherited)",
				);
				GCC_WARN_64_TO_32_BIT_CONVERSION = YES;
				GCC_WARN_ABOUT_RETURN_TYPE = YES_ERROR;
				GCC_WARN_UNDECLARED_SELECTOR = YES;
				GCC_WARN_UNINITIALIZED_AUTOS = YES_AGGRESSIVE;
				GCC_WARN_UNUSED_FUNCTION = YES;
				GCC_WARN_UNUSED_VARIABLE = YES;
				IPHONEOS_DEPLOYMENT_TARGET = 9.1;
				MTL_ENABLE_DEBUG_INFO = YES;
				ONLY_ACTIVE_ARCH = YES;
				SDKROOT = iphoneos;
				TARGETED_DEVICE_FAMILY = "1,2";
			};
			name = Debug;
		};
		C7AF4B331D026FB0007E0467 /* Release */ = {
			isa = XCBuildConfiguration;
			buildSettings = {
				ALWAYS_SEARCH_USER_PATHS = NO;
				CLANG_CXX_LANGUAGE_STANDARD = "gnu++0x";
				CLANG_CXX_LIBRARY = "libc++";
				CLANG_ENABLE_MODULES = YES;
				CLANG_ENABLE_OBJC_ARC = YES;
				CLANG_WARN_BOOL_CONVERSION = YES;
				CLANG_WARN_CONSTANT_CONVERSION = YES;
				CLANG_WARN_DIRECT_OBJC_ISA_USAGE = YES_ERROR;
				CLANG_WARN_EMPTY_BODY = YES;
				CLANG_WARN_ENUM_CONVERSION = YES;
				CLANG_WARN_INT_CONVERSION = YES;
				CLANG_WARN_OBJC_ROOT_CLASS = YES_ERROR;
				CLANG_WARN_UNREACHABLE_CODE = YES;
				CLANG_WARN__DUPLICATE_METHOD_MATCH = YES;
				"CODE_SIGN_IDENTITY[sdk=iphoneos*]" = "iPhone Developer";
				COPY_PHASE_STRIP = NO;
				DEBUG_INFORMATION_FORMAT = "dwarf-with-dsym";
				ENABLE_NS_ASSERTIONS = NO;
				ENABLE_STRICT_OBJC_MSGSEND = YES;
				GCC_C_LANGUAGE_STANDARD = gnu99;
				GCC_NO_COMMON_BLOCKS = YES;
				GCC_WARN_64_TO_32_BIT_CONVERSION = YES;
				GCC_WARN_ABOUT_RETURN_TYPE = YES_ERROR;
				GCC_WARN_UNDECLARED_SELECTOR = YES;
				GCC_WARN_UNINITIALIZED_AUTOS = YES_AGGRESSIVE;
				GCC_WARN_UNUSED_FUNCTION = YES;
				GCC_WARN_UNUSED_VARIABLE = YES;
				IPHONEOS_DEPLOYMENT_TARGET = 9.1;
				MTL_ENABLE_DEBUG_INFO = NO;
				SDKROOT = iphoneos;
				TARGETED_DEVICE_FAMILY = "1,2";
				VALIDATE_PRODUCT = YES;
			};
			name = Release;
		};
		C7AF4B351D026FB0007E0467 /* Debug */ = {
			isa = XCBuildConfiguration;
			baseConfigurationReference = F3930B69DDAAB23909789BDC /* Pods-文明嘉兴-网络编程（数据请求-类库）.debug.xcconfig */;
			buildSettings = {
				ASSETCATALOG_COMPILER_APPICON_NAME = AppIcon;
				FRAMEWORK_SEARCH_PATHS = (
					"$(inherited)",
					"$(PROJECT_DIR)/文明嘉兴-网络编程（数据请求-类库）/ShareSDK/Connection",
					"$(PROJECT_DIR)/文明嘉兴-网络编程（数据请求-类库）/ShareSDK/Core",
					"$(PROJECT_DIR)/文明嘉兴-网络编程（数据请求-类库）/ShareSDK/Extend/QQConnectSDK",
					"$(PROJECT_DIR)/文明嘉兴-网络编程（数据请求-类库）/ShareSDK",
					"$(PROJECT_DIR)/文明嘉兴-网络编程（数据请求-类库）/ShareSDK/UI",
				);
				GCC_PREFIX_HEADER = "$(SRCROOT)/文明嘉兴-网络编程（数据请求-类库）/PrefixHeader.pch";
				INFOPLIST_FILE = "文明嘉兴-网络编程（数据请求-类库）/Info.plist";
				LD_RUNPATH_SEARCH_PATHS = "$(inherited) @executable_path/Frameworks";
				LIBRARY_SEARCH_PATHS = (
					"$(inherited)",
					"$(PROJECT_DIR)/文明嘉兴-网络编程（数据请求-类库）/ShareSDK/Extend/SinaWeiboSDK",
					"$(PROJECT_DIR)/文明嘉兴-网络编程（数据请求-类库）/ShareSDK/Extend/WeChatSDK",
				);
				PRODUCT_BUNDLE_IDENTIFIER = "-0160530.------------------";
				PRODUCT_NAME = "$(TARGET_NAME)";
				USER_HEADER_SEARCH_PATHS = "${PODS_ROOT}/**";
			};
			name = Debug;
		};
		C7AF4B361D026FB0007E0467 /* Release */ = {
			isa = XCBuildConfiguration;
			baseConfigurationReference = BDBA92291A12DC1D8A4A4C6E /* Pods-文明嘉兴-网络编程（数据请求-类库）.release.xcconfig */;
			buildSettings = {
				ASSETCATALOG_COMPILER_APPICON_NAME = AppIcon;
				FRAMEWORK_SEARCH_PATHS = (
					"$(inherited)",
					"$(PROJECT_DIR)/文明嘉兴-网络编程（数据请求-类库）/ShareSDK/Connection",
					"$(PROJECT_DIR)/文明嘉兴-网络编程（数据请求-类库）/ShareSDK/Core",
					"$(PROJECT_DIR)/文明嘉兴-网络编程（数据请求-类库）/ShareSDK/Extend/QQConnectSDK",
					"$(PROJECT_DIR)/文明嘉兴-网络编程（数据请求-类库）/ShareSDK",
					"$(PROJECT_DIR)/文明嘉兴-网络编程（数据请求-类库）/ShareSDK/UI",
				);
				GCC_PREFIX_HEADER = "$(SRCROOT)/文明嘉兴-网络编程（数据请求-类库）/PrefixHeader.pch";
				INFOPLIST_FILE = "文明嘉兴-网络编程（数据请求-类库）/Info.plist";
				LD_RUNPATH_SEARCH_PATHS = "$(inherited) @executable_path/Frameworks";
				LIBRARY_SEARCH_PATHS = (
					"$(inherited)",
					"$(PROJECT_DIR)/文明嘉兴-网络编程（数据请求-类库）/ShareSDK/Extend/SinaWeiboSDK",
					"$(PROJECT_DIR)/文明嘉兴-网络编程（数据请求-类库）/ShareSDK/Extend/WeChatSDK",
				);
				PRODUCT_BUNDLE_IDENTIFIER = "-0160530.------------------";
				PRODUCT_NAME = "$(TARGET_NAME)";
				USER_HEADER_SEARCH_PATHS = "${PODS_ROOT}/**";
			};
			name = Release;
		};
		C7AF4B381D026FB0007E0467 /* Debug */ = {
			isa = XCBuildConfiguration;
			buildSettings = {
				BUNDLE_LOADER = "$(TEST_HOST)";
				INFOPLIST_FILE = "文明嘉兴-网络编程（数据请求-类库）Tests/Info.plist";
				LD_RUNPATH_SEARCH_PATHS = "$(inherited) @executable_path/Frameworks @loader_path/Frameworks";
				PRODUCT_BUNDLE_IDENTIFIER = "-0160530.------------------Tests";
				PRODUCT_NAME = "$(TARGET_NAME)";
				TEST_HOST = "$(BUILT_PRODUCTS_DIR)/文明嘉兴-网络编程（数据请求-类库）.app/文明嘉兴-网络编程（数据请求-类库）";
			};
			name = Debug;
		};
		C7AF4B391D026FB0007E0467 /* Release */ = {
			isa = XCBuildConfiguration;
			buildSettings = {
				BUNDLE_LOADER = "$(TEST_HOST)";
				INFOPLIST_FILE = "文明嘉兴-网络编程（数据请求-类库）Tests/Info.plist";
				LD_RUNPATH_SEARCH_PATHS = "$(inherited) @executable_path/Frameworks @loader_path/Frameworks";
				PRODUCT_BUNDLE_IDENTIFIER = "-0160530.------------------Tests";
				PRODUCT_NAME = "$(TARGET_NAME)";
				TEST_HOST = "$(BUILT_PRODUCTS_DIR)/文明嘉兴-网络编程（数据请求-类库）.app/文明嘉兴-网络编程（数据请求-类库）";
			};
			name = Release;
		};
		C7AF4B3B1D026FB0007E0467 /* Debug */ = {
			isa = XCBuildConfiguration;
			buildSettings = {
				INFOPLIST_FILE = "文明嘉兴-网络编程（数据请求-类库）UITests/Info.plist";
				LD_RUNPATH_SEARCH_PATHS = "$(inherited) @executable_path/Frameworks @loader_path/Frameworks";
				PRODUCT_BUNDLE_IDENTIFIER = "-0160530.------------------UITests";
				PRODUCT_NAME = "$(TARGET_NAME)";
				TEST_TARGET_NAME = "文明嘉兴-网络编程（数据请求-类库）";
				USES_XCTRUNNER = YES;
			};
			name = Debug;
		};
		C7AF4B3C1D026FB0007E0467 /* Release */ = {
			isa = XCBuildConfiguration;
			buildSettings = {
				INFOPLIST_FILE = "文明嘉兴-网络编程（数据请求-类库）UITests/Info.plist";
				LD_RUNPATH_SEARCH_PATHS = "$(inherited) @executable_path/Frameworks @loader_path/Frameworks";
				PRODUCT_BUNDLE_IDENTIFIER = "-0160530.------------------UITests";
				PRODUCT_NAME = "$(TARGET_NAME)";
				TEST_TARGET_NAME = "文明嘉兴-网络编程（数据请求-类库）";
				USES_XCTRUNNER = YES;
			};
			name = Release;
		};
/* End XCBuildConfiguration section */

/* Begin XCConfigurationList section */
		C7AF4AFF1D026FB0007E0467 /* Build configuration list for PBXProject "文明嘉兴-网络编程（数据请求-类库）" */ = {
			isa = XCConfigurationList;
			buildConfigurations = (
				C7AF4B321D026FB0007E0467 /* Debug */,
				C7AF4B331D026FB0007E0467 /* Release */,
			);
			defaultConfigurationIsVisible = 0;
			defaultConfigurationName = Release;
		};
		C7AF4B341D026FB0007E0467 /* Build configuration list for PBXNativeTarget "文明嘉兴-网络编程（数据请求-类库）" */ = {
			isa = XCConfigurationList;
			buildConfigurations = (
				C7AF4B351D026FB0007E0467 /* Debug */,
				C7AF4B361D026FB0007E0467 /* Release */,
			);
			defaultConfigurationIsVisible = 0;
			defaultConfigurationName = Release;
		};
		C7AF4B371D026FB0007E0467 /* Build configuration list for PBXNativeTarget "文明嘉兴-网络编程（数据请求-类库）Tests" */ = {
			isa = XCConfigurationList;
			buildConfigurations = (
				C7AF4B381D026FB0007E0467 /* Debug */,
				C7AF4B391D026FB0007E0467 /* Release */,
			);
			defaultConfigurationIsVisible = 0;
			defaultConfigurationName = Release;
		};
		C7AF4B3A1D026FB0007E0467 /* Build configuration list for PBXNativeTarget "文明嘉兴-网络编程（数据请求-类库）UITests" */ = {
			isa = XCConfigurationList;
			buildConfigurations = (
				C7AF4B3B1D026FB0007E0467 /* Debug */,
				C7AF4B3C1D026FB0007E0467 /* Release */,
			);
			defaultConfigurationIsVisible = 0;
			defaultConfigurationName = Release;
		};
/* End XCConfigurationList section */

/* Begin XCVersionGroup section */
		C7AF4B131D026FB0007E0467 /* __________________.xcdatamodeld */ = {
			isa = XCVersionGroup;
			children = (
				C7AF4B141D026FB0007E0467 /* __________________.xcdatamodel */,
			);
			currentVersion = C7AF4B141D026FB0007E0467 /* __________________.xcdatamodel */;
			path = "__________________.xcdatamodeld";
			sourceTree = "<group>";
			versionGroupType = wrapper.xcdatamodel;
		};
/* End XCVersionGroup section */
	};
	rootObject = C7AF4AFC1D026FB0007E0467 /* Project object */;
}
